lockfileVersion: '9.0'

settings:
  autoInstallPeers: true
  excludeLinksFromLockfile: false

importers:

  .:
    dependencies:
      '@scure/base':
        specifier: 2.0.0
        version: 2.0.0
    devDependencies:
      oxlint:
        specifier: ^1.30.0
        version: 1.30.0
      prettier:
        specifier: ^3.7.3
        version: 3.7.3

packages:

  '@oxlint/darwin-arm64@1.30.0':
    resolution: {integrity: sha512-vIiTk1FBObXHvaG3WK/SpwCZP06fuHhSrn8mK2hEs2uSFWG63WgvLAHSGhI4U1X29JGf36zhfUzuKirDIVdKBQ==}
    cpu: [arm64]
    os: [darwin]

  '@oxlint/darwin-x64@1.30.0':
    resolution: {integrity: sha512-DP4ueul8Vza52gJX1/+jyXQjUsgjmPe4Pq5uYOVa8k2V8cKRb2JzBls+DugbeP7yzKNTmlSp3J2mUnHQXuntLA==}
    cpu: [x64]
    os: [darwin]

  '@oxlint/linux-arm64-gnu@1.30.0':
    resolution: {integrity: sha512-1e9NvTvjzG6t1tnUzNU9HZTVwNwhZw2BDQxwIsXV743g54BIkvyZNNXOEGic/Jw4IuIXHzpX3ztVWZaSzvDopg==}
    cpu: [arm64]
    os: [linux]
    libc: [glibc]

  '@oxlint/linux-arm64-musl@1.30.0':
    resolution: {integrity: sha512-szb5RB8Tbk756/z/GAdmUn+H1E2815BbcM7s6JZYQgyCJxR0RCL1yFXgKyz3BjIDqzR98Tw8H3g4TeJbN2etAg==}
    cpu: [arm64]
    os: [linux]
    libc: [musl]

  '@oxlint/linux-x64-gnu@1.30.0':
    resolution: {integrity: sha512-yOWGu4a82yA8xLusaznW41IF5ZkvBNz/U++M2/tCYAQUoJKSfJuAS5AhApRMKZLKeX0Vmdagh0YwvC+e98QG0w==}
    cpu: [x64]
    os: [linux]
    libc: [glibc]

  '@oxlint/linux-x64-musl@1.30.0':
    resolution: {integrity: sha512-qL1902VF4EMTZTZdJEIzzUQ+UD0IbH+IW6dhYZXbP9nTXJnItW1fk4cyJq5zfUVu1IoVwKK2FP1jUMqEsBlWTw==}
    cpu: [x64]
    os: [linux]
    libc: [musl]

  '@oxlint/win32-arm64@1.30.0':
    resolution: {integrity: sha512-QK6C1djHKI7g1l5g6W9vkz9sd+sn1QJe6PbaV2sWFjVVoT0tO6LWygVWaci09ZHYVJ+lnCbbaFEgZ9jQhIs05A==}
    cpu: [arm64]
    os: [win32]

  '@oxlint/win32-x64@1.30.0':
    resolution: {integrity: sha512-tbPnJIBUKke9KpceV+DpGyfN3LdhGaEPJHSuD4/mUEwP9Kk6IKSoDNih681RVGhgvaEZg3uHmQr6n9Uh0P3Yrg==}
    cpu: [x64]
    os: [win32]

  '@scure/base@2.0.0':
    resolution: {integrity: sha512-3E1kpuZginKkek01ovG8krQ0Z44E3DHPjc5S2rjJw9lZn3KSQOs8S7wqikF/AH7iRanHypj85uGyxk0XAyC37w==}

  oxlint@1.30.0:
    resolution: {integrity: sha512-6Mcpj7Gn26QNRUpue9kRZKQg623mH10kLPl597sNCOfXeUZHTglrc2O54eskHMRA+tR7c0u73nW4GPwSFePLkA==}
    engines: {node: ^20.19.0 || >=22.12.0}
    hasBin: true
    peerDependencies:
      oxlint-tsgolint: '>=0.8.1'
    peerDependenciesMeta:
      oxlint-tsgolint:
        optional: true

  prettier@3.7.3:
    resolution: {integrity: sha512-QgODejq9K3OzoBbuyobZlUhznP5SKwPqp+6Q6xw6o8gnhr4O85L2U915iM2IDcfF2NPXVaM9zlo9tdwipnYwzg==}
    engines: {node: '>=14'}
    hasBin: true

snapshots:

  '@oxlint/darwin-arm64@1.30.0':
    optional: true

  '@oxlint/darwin-x64@1.30.0':
    optional: true

  '@oxlint/linux-arm64-gnu@1.30.0':
    optional: true

  '@oxlint/linux-arm64-musl@1.30.0':
    optional: true

  '@oxlint/linux-x64-gnu@1.30.0':
    optional: true

  '@oxlint/linux-x64-musl@1.30.0':
    optional: true

  '@oxlint/win32-arm64@1.30.0':
    optional: true

  '@oxlint/win32-x64@1.30.0':
    optional: true

  '@scure/base@2.0.0': {}

  oxlint@1.30.0:
    optionalDependencies:
      '@oxlint/darwin-arm64': 1.30.0
      '@oxlint/darwin-x64': 1.30.0
      '@oxlint/linux-arm64-gnu': 1.30.0
      '@oxlint/linux-arm64-musl': 1.30.0
      '@oxlint/linux-x64-gnu': 1.30.0
      '@oxlint/linux-x64-musl': 1.30.0
      '@oxlint/win32-arm64': 1.30.0
      '@oxlint/win32-x64': 1.30.0

  prettier@3.7.3: {}
